
Microsoft Visual Studio Solution File, Format Version 12.00
# Visual Studio Version 16
VisualStudioVersion = 16.0.32901.82
MinimumVisualStudioVersion = 10.0.40219.1
Project("{FAE04EC0-301F-11D3-BF4B-00C04F79EFBC}") = "Library.Entities", "Library.Entities\Library.Entities.csproj", "{7F3B48B6-7599-4805-B146-0A9081CE1E2F}"
EndProject
Project("{FAE04EC0-301F-11D3-BF4B-00C04F79EFBC}") = "Library.DataAccess", "Library.DataAccess\Library.DataAccess.csproj", "{A2E56DBD-EB95-4046-9EFE-800AD78CB741}"
EndProject
Project("{FAE04EC0-301F-11D3-BF4B-00C04F79EFBC}") = "Library.API", "Library.API\Library.API.csproj", "{BA20CBE6-A04B-4D18-BFA9-383D06672B97}"
EndProject
Global
	GlobalSection(SolutionConfigurationPlatforms) = preSolution
		Debug|Any CPU = Debug|Any CPU
		Release|Any CPU = Release|Any CPU
	EndGlobalSection
	GlobalSection(ProjectConfigurationPlatforms) = postSolution
		{7F3B48B6-7599-4805-B146-0A9081CE1E2F}.Debug|Any CPU.ActiveCfg = Debug|Any CPU
		{7F3B48B6-7599-4805-B146-0A9081CE1E2F}.Debug|Any CPU.Build.0 = Debug|Any CPU
		{7F3B48B6-7599-4805-B146-0A9081CE1E2F}.Release|Any CPU.ActiveCfg = Release|Any CPU
		{7F3B48B6-7599-4805-B146-0A9081CE1E2F}.Release|Any CPU.Build.0 = Release|Any CPU
		{A2E56DBD-EB95-4046-9EFE-800AD78CB741}.Debug|Any CPU.ActiveCfg = Debug|Any CPU
		{A2E56DBD-EB95-4046-9EFE-800AD78CB741}.Debug|Any CPU.Build.0 = Debug|Any CPU
		{A2E56DBD-EB95-4046-9EFE-800AD78CB741}.Release|Any CPU.ActiveCfg = Release|Any CPU
		{A2E56DBD-EB95-4046-9EFE-800AD78CB741}.Release|Any CPU.Build.0 = Release|Any CPU
		{BA20CBE6-A04B-4D18-BFA9-383D06672B97}.Debug|Any CPU.ActiveCfg = Debug|Any CPU
		{BA20CBE6-A04B-4D18-BFA9-383D06672B97}.Debug|Any CPU.Build.0 = Debug|Any CPU
		{BA20CBE6-A04B-4D18-BFA9-383D06672B97}.Release|Any CPU.ActiveCfg = Release|Any CPU
		{BA20CBE6-A04B-4D18-BFA9-383D06672B97}.Release|Any CPU.Build.0 = Release|Any CPU
	EndGlobalSection
	GlobalSection(SolutionProperties) = preSolution
		HideSolutionNode = FALSE
	EndGlobalSection
	GlobalSection(ExtensibilityGlobals) = postSolution
		SolutionGuid = {CCA09A23-E583-495B-A796-89A5B9D154B1}
	EndGlobalSection
EndGlobal
