
Microsoft Visual Studio Solution File, Format Version 12.00
# Visual Studio Version 16
VisualStudioVersion = 16.0.32901.82
MinimumVisualStudioVersion = 10.0.40219.1
Project("{FAE04EC0-301F-11D3-BF4B-00C04F79EFBC}") = "Library.Entities", "..\Library.Entities\Library.Entities.csproj", "{A14FEB9C-1223-4F01-9903-E46CEFDFDE58}"
EndProject
Project("{FAE04EC0-301F-11D3-BF4B-00C04F79EFBC}") = "Library.DataAccess", "..\Library.DataAccess\Library.DataAccess.csproj", "{2557FA70-E08E-475F-B471-BE6987EDAC72}"
EndProject
Project("{FAE04EC0-301F-11D3-BF4B-00C04F79EFBC}") = "Library.API", "..\Library.API\Library.API.csproj", "{5C7953C5-78D2-4C83-B82E-6CE571D384A6}"
EndProject
Global
	GlobalSection(SolutionConfigurationPlatforms) = preSolution
		Debug|Any CPU = Debug|Any CPU
		Release|Any CPU = Release|Any CPU
	EndGlobalSection
	GlobalSection(ProjectConfigurationPlatforms) = postSolution
		{A14FEB9C-1223-4F01-9903-E46CEFDFDE58}.Debug|Any CPU.ActiveCfg = Debug|Any CPU
		{A14FEB9C-1223-4F01-9903-E46CEFDFDE58}.Debug|Any CPU.Build.0 = Debug|Any CPU
		{A14FEB9C-1223-4F01-9903-E46CEFDFDE58}.Release|Any CPU.ActiveCfg = Release|Any CPU
		{A14FEB9C-1223-4F01-9903-E46CEFDFDE58}.Release|Any CPU.Build.0 = Release|Any CPU
		{2557FA70-E08E-475F-B471-BE6987EDAC72}.Debug|Any CPU.ActiveCfg = Debug|Any CPU
		{2557FA70-E08E-475F-B471-BE6987EDAC72}.Debug|Any CPU.Build.0 = Debug|Any CPU
		{2557FA70-E08E-475F-B471-BE6987EDAC72}.Release|Any CPU.ActiveCfg = Release|Any CPU
		{2557FA70-E08E-475F-B471-BE6987EDAC72}.Release|Any CPU.Build.0 = Release|Any CPU
		{5C7953C5-78D2-4C83-B82E-6CE571D384A6}.Debug|Any CPU.ActiveCfg = Debug|Any CPU
		{5C7953C5-78D2-4C83-B82E-6CE571D384A6}.Debug|Any CPU.Build.0 = Debug|Any CPU
		{5C7953C5-78D2-4C83-B82E-6CE571D384A6}.Release|Any CPU.ActiveCfg = Release|Any CPU
		{5C7953C5-78D2-4C83-B82E-6CE571D384A6}.Release|Any CPU.Build.0 = Release|Any CPU
	EndGlobalSection
	GlobalSection(SolutionProperties) = preSolution
		HideSolutionNode = FALSE
	EndGlobalSection
	GlobalSection(ExtensibilityGlobals) = postSolution
		SolutionGuid = {4B76F8A5-0592-4840-AE0B-83A387B2276B}
	EndGlobalSection
EndGlobal
